
Microsoft Visual Studio Solution File, Format Version 12.00
# Visual Studio Version 16
VisualStudioVersion = 16.0.30503.244
MinimumVisualStudioVersion = 10.0.40219.1
Project("{FAE04EC0-301F-11D3-BF4B-00C04F79EFBC}") = "LaPescaEnLinea.Web", "LaPescaEnLinea.Web\LaPescaEnLinea.Web.csproj", "{FAC9B15D-DEBE-4FCC-868A-048A98A185EA}"
EndProject
Project("{FAE04EC0-301F-11D3-BF4B-00C04F79EFBC}") = "LaPescaEnLinea.Models", "LaPescaEnLinea.Models\LaPescaEnLinea.Models.csproj", "{11B52BD9-36DD-454F-B94A-C88E0E5F0B17}"
EndProject
Project("{FAE04EC0-301F-11D3-BF4B-00C04F79EFBC}") = "LaPescaEnLinea.ViewModels", "LaPescaEnLinea.ViewModels\LaPescaEnLinea.ViewModels.csproj", "{017EDB87-1073-4FAF-BEA0-F4D98497A3C2}"
EndProject
Project("{FAE04EC0-301F-11D3-BF4B-00C04F79EFBC}") = "LaPescaEnLinea.Tools", "LaPescaEnLinea.Tools\LaPescaEnLinea.Tools.csproj", "{0D99AFB3-4EA1-45F9-9E27-782FD2A6C3EB}"
EndProject
Global
	GlobalSection(SolutionConfigurationPlatforms) = preSolution
		Debug|Any CPU = Debug|Any CPU
		Release|Any CPU = Release|Any CPU
	EndGlobalSection
	GlobalSection(ProjectConfigurationPlatforms) = postSolution
		{FAC9B15D-DEBE-4FCC-868A-048A98A185EA}.Debug|Any CPU.ActiveCfg = Debug|Any CPU
		{FAC9B15D-DEBE-4FCC-868A-048A98A185EA}.Debug|Any CPU.Build.0 = Debug|Any CPU
		{FAC9B15D-DEBE-4FCC-868A-048A98A185EA}.Release|Any CPU.ActiveCfg = Release|Any CPU
		{FAC9B15D-DEBE-4FCC-868A-048A98A185EA}.Release|Any CPU.Build.0 = Release|Any CPU
		{11B52BD9-36DD-454F-B94A-C88E0E5F0B17}.Debug|Any CPU.ActiveCfg = Debug|Any CPU
		{11B52BD9-36DD-454F-B94A-C88E0E5F0B17}.Debug|Any CPU.Build.0 = Debug|Any CPU
		{11B52BD9-36DD-454F-B94A-C88E0E5F0B17}.Release|Any CPU.ActiveCfg = Release|Any CPU
		{11B52BD9-36DD-454F-B94A-C88E0E5F0B17}.Release|Any CPU.Build.0 = Release|Any CPU
		{017EDB87-1073-4FAF-BEA0-F4D98497A3C2}.Debug|Any CPU.ActiveCfg = Debug|Any CPU
		{017EDB87-1073-4FAF-BEA0-F4D98497A3C2}.Debug|Any CPU.Build.0 = Debug|Any CPU
		{017EDB87-1073-4FAF-BEA0-F4D98497A3C2}.Release|Any CPU.ActiveCfg = Release|Any CPU
		{017EDB87-1073-4FAF-BEA0-F4D98497A3C2}.Release|Any CPU.Build.0 = Release|Any CPU
		{0D99AFB3-4EA1-45F9-9E27-782FD2A6C3EB}.Debug|Any CPU.ActiveCfg = Debug|Any CPU
		{0D99AFB3-4EA1-45F9-9E27-782FD2A6C3EB}.Debug|Any CPU.Build.0 = Debug|Any CPU
		{0D99AFB3-4EA1-45F9-9E27-782FD2A6C3EB}.Release|Any CPU.ActiveCfg = Release|Any CPU
		{0D99AFB3-4EA1-45F9-9E27-782FD2A6C3EB}.Release|Any CPU.Build.0 = Release|Any CPU
	EndGlobalSection
	GlobalSection(SolutionProperties) = preSolution
		HideSolutionNode = FALSE
	EndGlobalSection
	GlobalSection(ExtensibilityGlobals) = postSolution
		SolutionGuid = {5FEFB88B-8D36-4642-A71A-5D79A2E3C1A2}
	EndGlobalSection
EndGlobal
